
Microsoft Visual Studio Solution File, Format Version 12.00
# Visual Studio 14
VisualStudioVersion = 14.0.24720.0
MinimumVisualStudioVersion = 10.0.40219.1
Project("{262852C6-CD72-467D-83FE-5EEB1973A190}") = "Localstorage-vs2015", "Localstorage-vs2015.jsproj", "{E3736689-E4CB-44D1-9809-38DACE6B2BBD}"
EndProject
Project("{262852C6-CD72-467D-83FE-5EEB1973A190}") = "TestApp", "..\..\..\TestApp\TestApp.jsproj", "{A76EE75C-02A1-4D4C-A362-4D562B62909C}"
EndProject
Project("{262852C6-CD72-467D-83FE-5EEB1973A190}") = "SQLStorage", "..\..\SQLLiteStorage\SQLStorage\SQLStorage.jsproj", "{43939840-D345-4B3F-B88C-2E0DACF134E8}"
EndProject
Global
	GlobalSection(SolutionConfigurationPlatforms) = preSolution
		Debug|Android = Debug|Android
		Debug|iOS = Debug|iOS
		Debug|Windows Phone (Universal) = Debug|Windows Phone (Universal)
		Debug|Windows Phone 8 = Debug|Windows Phone 8
		Debug|Windows-AnyCPU = Debug|Windows-AnyCPU
		Debug|Windows-ARM = Debug|Windows-ARM
		Debug|Windows-x64 = Debug|Windows-x64
		Debug|Windows-x86 = Debug|Windows-x86
		Release|Android = Release|Android
		Release|iOS = Release|iOS
		Release|Windows Phone (Universal) = Release|Windows Phone (Universal)
		Release|Windows Phone 8 = Release|Windows Phone 8
		Release|Windows-AnyCPU = Release|Windows-AnyCPU
		Release|Windows-ARM = Release|Windows-ARM
		Release|Windows-x64 = Release|Windows-x64
		Release|Windows-x86 = Release|Windows-x86
	EndGlobalSection
	GlobalSection(ProjectConfigurationPlatforms) = postSolution
		{E3736689-E4CB-44D1-9809-38DACE6B2BBD}.Debug|Android.ActiveCfg = Debug|Android
		{E3736689-E4CB-44D1-9809-38DACE6B2BBD}.Debug|Android.Build.0 = Debug|Android
		{E3736689-E4CB-44D1-9809-38DACE6B2BBD}.Debug|Android.Deploy.0 = Debug|Android
		{E3736689-E4CB-44D1-9809-38DACE6B2BBD}.Debug|iOS.ActiveCfg = Debug|iOS
		{E3736689-E4CB-44D1-9809-38DACE6B2BBD}.Debug|iOS.Build.0 = Debug|iOS
		{E3736689-E4CB-44D1-9809-38DACE6B2BBD}.Debug|iOS.Deploy.0 = Debug|iOS
		{E3736689-E4CB-44D1-9809-38DACE6B2BBD}.Debug|Windows Phone (Universal).ActiveCfg = Debug|Windows Phone (Universal)
		{E3736689-E4CB-44D1-9809-38DACE6B2BBD}.Debug|Windows Phone (Universal).Build.0 = Debug|Windows Phone (Universal)
		{E3736689-E4CB-44D1-9809-38DACE6B2BBD}.Debug|Windows Phone (Universal).Deploy.0 = Debug|Windows Phone (Universal)
		{E3736689-E4CB-44D1-9809-38DACE6B2BBD}.Debug|Windows Phone 8.ActiveCfg = Debug|Windows Phone 8
		{E3736689-E4CB-44D1-9809-38DACE6B2BBD}.Debug|Windows Phone 8.Build.0 = Debug|Windows Phone 8
		{E3736689-E4CB-44D1-9809-38DACE6B2BBD}.Debug|Windows Phone 8.Deploy.0 = Debug|Windows Phone 8
		{E3736689-E4CB-44D1-9809-38DACE6B2BBD}.Debug|Windows-AnyCPU.ActiveCfg = Debug|Windows-AnyCPU
		{E3736689-E4CB-44D1-9809-38DACE6B2BBD}.Debug|Windows-AnyCPU.Build.0 = Debug|Windows-AnyCPU
		{E3736689-E4CB-44D1-9809-38DACE6B2BBD}.Debug|Windows-AnyCPU.Deploy.0 = Debug|Windows-AnyCPU
		{E3736689-E4CB-44D1-9809-38DACE6B2BBD}.Debug|Windows-ARM.ActiveCfg = Debug|Windows-ARM
		{E3736689-E4CB-44D1-9809-38DACE6B2BBD}.Debug|Windows-ARM.Build.0 = Debug|Windows-ARM
		{E3736689-E4CB-44D1-9809-38DACE6B2BBD}.Debug|Windows-ARM.Deploy.0 = Debug|Windows-ARM
		{E3736689-E4CB-44D1-9809-38DACE6B2BBD}.Debug|Windows-x64.ActiveCfg = Debug|Windows-x64
		{E3736689-E4CB-44D1-9809-38DACE6B2BBD}.Debug|Windows-x64.Build.0 = Debug|Windows-x64
		{E3736689-E4CB-44D1-9809-38DACE6B2BBD}.Debug|Windows-x64.Deploy.0 = Debug|Windows-x64
		{E3736689-E4CB-44D1-9809-38DACE6B2BBD}.Debug|Windows-x86.ActiveCfg = Debug|Windows-x86
		{E3736689-E4CB-44D1-9809-38DACE6B2BBD}.Debug|Windows-x86.Build.0 = Debug|Windows-x86
		{E3736689-E4CB-44D1-9809-38DACE6B2BBD}.Debug|Windows-x86.Deploy.0 = Debug|Windows-x86
		{E3736689-E4CB-44D1-9809-38DACE6B2BBD}.Release|Android.ActiveCfg = Release|Android
		{E3736689-E4CB-44D1-9809-38DACE6B2BBD}.Release|Android.Build.0 = Release|Android
		{E3736689-E4CB-44D1-9809-38DACE6B2BBD}.Release|Android.Deploy.0 = Release|Android
		{E3736689-E4CB-44D1-9809-38DACE6B2BBD}.Release|iOS.ActiveCfg = Release|iOS
		{E3736689-E4CB-44D1-9809-38DACE6B2BBD}.Release|iOS.Build.0 = Release|iOS
		{E3736689-E4CB-44D1-9809-38DACE6B2BBD}.Release|iOS.Deploy.0 = Release|iOS
		{E3736689-E4CB-44D1-9809-38DACE6B2BBD}.Release|Windows Phone (Universal).ActiveCfg = Release|Windows Phone (Universal)
		{E3736689-E4CB-44D1-9809-38DACE6B2BBD}.Release|Windows Phone (Universal).Build.0 = Release|Windows Phone (Universal)
		{E3736689-E4CB-44D1-9809-38DACE6B2BBD}.Release|Windows Phone (Universal).Deploy.0 = Release|Windows Phone (Universal)
		{E3736689-E4CB-44D1-9809-38DACE6B2BBD}.Release|Windows Phone 8.ActiveCfg = Release|Windows Phone 8
		{E3736689-E4CB-44D1-9809-38DACE6B2BBD}.Release|Windows Phone 8.Build.0 = Release|Windows Phone 8
		{E3736689-E4CB-44D1-9809-38DACE6B2BBD}.Release|Windows Phone 8.Deploy.0 = Release|Windows Phone 8
		{E3736689-E4CB-44D1-9809-38DACE6B2BBD}.Release|Windows-AnyCPU.ActiveCfg = Release|Windows-AnyCPU
		{E3736689-E4CB-44D1-9809-38DACE6B2BBD}.Release|Windows-AnyCPU.Build.0 = Release|Windows-AnyCPU
		{E3736689-E4CB-44D1-9809-38DACE6B2BBD}.Release|Windows-AnyCPU.Deploy.0 = Release|Windows-AnyCPU
		{E3736689-E4CB-44D1-9809-38DACE6B2BBD}.Release|Windows-ARM.ActiveCfg = Release|Windows-ARM
		{E3736689-E4CB-44D1-9809-38DACE6B2BBD}.Release|Windows-ARM.Build.0 = Release|Windows-ARM
		{E3736689-E4CB-44D1-9809-38DACE6B2BBD}.Release|Windows-ARM.Deploy.0 = Release|Windows-ARM
		{E3736689-E4CB-44D1-9809-38DACE6B2BBD}.Release|Windows-x64.ActiveCfg = Release|Windows-x64
		{E3736689-E4CB-44D1-9809-38DACE6B2BBD}.Release|Windows-x64.Build.0 = Release|Windows-x64
		{E3736689-E4CB-44D1-9809-38DACE6B2BBD}.Release|Windows-x64.Deploy.0 = Release|Windows-x64
		{E3736689-E4CB-44D1-9809-38DACE6B2BBD}.Release|Windows-x86.ActiveCfg = Release|Windows-x86
		{E3736689-E4CB-44D1-9809-38DACE6B2BBD}.Release|Windows-x86.Build.0 = Release|Windows-x86
		{E3736689-E4CB-44D1-9809-38DACE6B2BBD}.Release|Windows-x86.Deploy.0 = Release|Windows-x86
		{A76EE75C-02A1-4D4C-A362-4D562B62909C}.Debug|Android.ActiveCfg = Debug|Android
		{A76EE75C-02A1-4D4C-A362-4D562B62909C}.Debug|Android.Build.0 = Debug|Android
		{A76EE75C-02A1-4D4C-A362-4D562B62909C}.Debug|Android.Deploy.0 = Debug|Android
		{A76EE75C-02A1-4D4C-A362-4D562B62909C}.Debug|iOS.ActiveCfg = Debug|iOS
		{A76EE75C-02A1-4D4C-A362-4D562B62909C}.Debug|iOS.Build.0 = Debug|iOS
		{A76EE75C-02A1-4D4C-A362-4D562B62909C}.Debug|iOS.Deploy.0 = Debug|iOS
		{A76EE75C-02A1-4D4C-A362-4D562B62909C}.Debug|Windows Phone (Universal).ActiveCfg = Debug|Windows Phone (Universal)
		{A76EE75C-02A1-4D4C-A362-4D562B62909C}.Debug|Windows Phone (Universal).Build.0 = Debug|Windows Phone (Universal)
		{A76EE75C-02A1-4D4C-A362-4D562B62909C}.Debug|Windows Phone (Universal).Deploy.0 = Debug|Windows Phone (Universal)
		{A76EE75C-02A1-4D4C-A362-4D562B62909C}.Debug|Windows Phone 8.ActiveCfg = Debug|Windows Phone 8
		{A76EE75C-02A1-4D4C-A362-4D562B62909C}.Debug|Windows Phone 8.Build.0 = Debug|Windows Phone 8
		{A76EE75C-02A1-4D4C-A362-4D562B62909C}.Debug|Windows Phone 8.Deploy.0 = Debug|Windows Phone 8
		{A76EE75C-02A1-4D4C-A362-4D562B62909C}.Debug|Windows-AnyCPU.ActiveCfg = Debug|Windows-AnyCPU
		{A76EE75C-02A1-4D4C-A362-4D562B62909C}.Debug|Windows-AnyCPU.Build.0 = Debug|Windows-AnyCPU
		{A76EE75C-02A1-4D4C-A362-4D562B62909C}.Debug|Windows-AnyCPU.Deploy.0 = Debug|Windows-AnyCPU
		{A76EE75C-02A1-4D4C-A362-4D562B62909C}.Debug|Windows-ARM.ActiveCfg = Debug|Windows-ARM
		{A76EE75C-02A1-4D4C-A362-4D562B62909C}.Debug|Windows-ARM.Build.0 = Debug|Windows-ARM
		{A76EE75C-02A1-4D4C-A362-4D562B62909C}.Debug|Windows-ARM.Deploy.0 = Debug|Windows-ARM
		{A76EE75C-02A1-4D4C-A362-4D562B62909C}.Debug|Windows-x64.ActiveCfg = Debug|Windows-x64
		{A76EE75C-02A1-4D4C-A362-4D562B62909C}.Debug|Windows-x64.Build.0 = Debug|Windows-x64
		{A76EE75C-02A1-4D4C-A362-4D562B62909C}.Debug|Windows-x64.Deploy.0 = Debug|Windows-x64
		{A76EE75C-02A1-4D4C-A362-4D562B62909C}.Debug|Windows-x86.ActiveCfg = Debug|Windows-x86
		{A76EE75C-02A1-4D4C-A362-4D562B62909C}.Debug|Windows-x86.Build.0 = Debug|Windows-x86
		{A76EE75C-02A1-4D4C-A362-4D562B62909C}.Debug|Windows-x86.Deploy.0 = Debug|Windows-x86
		{A76EE75C-02A1-4D4C-A362-4D562B62909C}.Release|Android.ActiveCfg = Release|Android
		{A76EE75C-02A1-4D4C-A362-4D562B62909C}.Release|Android.Build.0 = Release|Android
		{A76EE75C-02A1-4D4C-A362-4D562B62909C}.Release|Android.Deploy.0 = Release|Android
		{A76EE75C-02A1-4D4C-A362-4D562B62909C}.Release|iOS.ActiveCfg = Release|iOS
		{A76EE75C-02A1-4D4C-A362-4D562B62909C}.Release|iOS.Build.0 = Release|iOS
		{A76EE75C-02A1-4D4C-A362-4D562B62909C}.Release|iOS.Deploy.0 = Release|iOS
		{A76EE75C-02A1-4D4C-A362-4D562B62909C}.Release|Windows Phone (Universal).ActiveCfg = Release|Windows Phone (Universal)
		{A76EE75C-02A1-4D4C-A362-4D562B62909C}.Release|Windows Phone (Universal).Build.0 = Release|Windows Phone (Universal)
		{A76EE75C-02A1-4D4C-A362-4D562B62909C}.Release|Windows Phone (Universal).Deploy.0 = Release|Windows Phone (Universal)
		{A76EE75C-02A1-4D4C-A362-4D562B62909C}.Release|Windows Phone 8.ActiveCfg = Release|Windows Phone 8
		{A76EE75C-02A1-4D4C-A362-4D562B62909C}.Release|Windows Phone 8.Build.0 = Release|Windows Phone 8
		{A76EE75C-02A1-4D4C-A362-4D562B62909C}.Release|Windows Phone 8.Deploy.0 = Release|Windows Phone 8
		{A76EE75C-02A1-4D4C-A362-4D562B62909C}.Release|Windows-AnyCPU.ActiveCfg = Release|Windows-AnyCPU
		{A76EE75C-02A1-4D4C-A362-4D562B62909C}.Release|Windows-AnyCPU.Build.0 = Release|Windows-AnyCPU
		{A76EE75C-02A1-4D4C-A362-4D562B62909C}.Release|Windows-AnyCPU.Deploy.0 = Release|Windows-AnyCPU
		{A76EE75C-02A1-4D4C-A362-4D562B62909C}.Release|Windows-ARM.ActiveCfg = Release|Windows-ARM
		{A76EE75C-02A1-4D4C-A362-4D562B62909C}.Release|Windows-ARM.Build.0 = Release|Windows-ARM
		{A76EE75C-02A1-4D4C-A362-4D562B62909C}.Release|Windows-ARM.Deploy.0 = Release|Windows-ARM
		{A76EE75C-02A1-4D4C-A362-4D562B62909C}.Release|Windows-x64.ActiveCfg = Release|Windows-x64
		{A76EE75C-02A1-4D4C-A362-4D562B62909C}.Release|Windows-x64.Build.0 = Release|Windows-x64
		{A76EE75C-02A1-4D4C-A362-4D562B62909C}.Release|Windows-x64.Deploy.0 = Release|Windows-x64
		{A76EE75C-02A1-4D4C-A362-4D562B62909C}.Release|Windows-x86.ActiveCfg = Release|Windows-x86
		{A76EE75C-02A1-4D4C-A362-4D562B62909C}.Release|Windows-x86.Build.0 = Release|Windows-x86
		{A76EE75C-02A1-4D4C-A362-4D562B62909C}.Release|Windows-x86.Deploy.0 = Release|Windows-x86
		{43939840-D345-4B3F-B88C-2E0DACF134E8}.Debug|Android.ActiveCfg = Debug|Android
		{43939840-D345-4B3F-B88C-2E0DACF134E8}.Debug|Android.Build.0 = Debug|Android
		{43939840-D345-4B3F-B88C-2E0DACF134E8}.Debug|Android.Deploy.0 = Debug|Android
		{43939840-D345-4B3F-B88C-2E0DACF134E8}.Debug|iOS.ActiveCfg = Debug|iOS
		{43939840-D345-4B3F-B88C-2E0DACF134E8}.Debug|iOS.Build.0 = Debug|iOS
		{43939840-D345-4B3F-B88C-2E0DACF134E8}.Debug|iOS.Deploy.0 = Debug|iOS
		{43939840-D345-4B3F-B88C-2E0DACF134E8}.Debug|Windows Phone (Universal).ActiveCfg = Debug|Windows Phone (Universal)
		{43939840-D345-4B3F-B88C-2E0DACF134E8}.Debug|Windows Phone (Universal).Build.0 = Debug|Windows Phone (Universal)
		{43939840-D345-4B3F-B88C-2E0DACF134E8}.Debug|Windows Phone (Universal).Deploy.0 = Debug|Windows Phone (Universal)
		{43939840-D345-4B3F-B88C-2E0DACF134E8}.Debug|Windows Phone 8.ActiveCfg = Debug|Windows Phone 8
		{43939840-D345-4B3F-B88C-2E0DACF134E8}.Debug|Windows Phone 8.Build.0 = Debug|Windows Phone 8
		{43939840-D345-4B3F-B88C-2E0DACF134E8}.Debug|Windows Phone 8.Deploy.0 = Debug|Windows Phone 8
		{43939840-D345-4B3F-B88C-2E0DACF134E8}.Debug|Windows-AnyCPU.ActiveCfg = Debug|Windows-AnyCPU
		{43939840-D345-4B3F-B88C-2E0DACF134E8}.Debug|Windows-AnyCPU.Build.0 = Debug|Windows-AnyCPU
		{43939840-D345-4B3F-B88C-2E0DACF134E8}.Debug|Windows-AnyCPU.Deploy.0 = Debug|Windows-AnyCPU
		{43939840-D345-4B3F-B88C-2E0DACF134E8}.Debug|Windows-ARM.ActiveCfg = Debug|Windows-ARM
		{43939840-D345-4B3F-B88C-2E0DACF134E8}.Debug|Windows-ARM.Build.0 = Debug|Windows-ARM
		{43939840-D345-4B3F-B88C-2E0DACF134E8}.Debug|Windows-ARM.Deploy.0 = Debug|Windows-ARM
		{43939840-D345-4B3F-B88C-2E0DACF134E8}.Debug|Windows-x64.ActiveCfg = Debug|Windows-x64
		{43939840-D345-4B3F-B88C-2E0DACF134E8}.Debug|Windows-x64.Build.0 = Debug|Windows-x64
		{43939840-D345-4B3F-B88C-2E0DACF134E8}.Debug|Windows-x64.Deploy.0 = Debug|Windows-x64
		{43939840-D345-4B3F-B88C-2E0DACF134E8}.Debug|Windows-x86.ActiveCfg = Debug|Windows-x86
		{43939840-D345-4B3F-B88C-2E0DACF134E8}.Debug|Windows-x86.Build.0 = Debug|Windows-x86
		{43939840-D345-4B3F-B88C-2E0DACF134E8}.Debug|Windows-x86.Deploy.0 = Debug|Windows-x86
		{43939840-D345-4B3F-B88C-2E0DACF134E8}.Release|Android.ActiveCfg = Release|Android
		{43939840-D345-4B3F-B88C-2E0DACF134E8}.Release|Android.Build.0 = Release|Android
		{43939840-D345-4B3F-B88C-2E0DACF134E8}.Release|Android.Deploy.0 = Release|Android
		{43939840-D345-4B3F-B88C-2E0DACF134E8}.Release|iOS.ActiveCfg = Release|iOS
		{43939840-D345-4B3F-B88C-2E0DACF134E8}.Release|iOS.Build.0 = Release|iOS
		{43939840-D345-4B3F-B88C-2E0DACF134E8}.Release|iOS.Deploy.0 = Release|iOS
		{43939840-D345-4B3F-B88C-2E0DACF134E8}.Release|Windows Phone (Universal).ActiveCfg = Release|Windows Phone (Universal)
		{43939840-D345-4B3F-B88C-2E0DACF134E8}.Release|Windows Phone (Universal).Build.0 = Release|Windows Phone (Universal)
		{43939840-D345-4B3F-B88C-2E0DACF134E8}.Release|Windows Phone (Universal).Deploy.0 = Release|Windows Phone (Universal)
		{43939840-D345-4B3F-B88C-2E0DACF134E8}.Release|Windows Phone 8.ActiveCfg = Release|Windows Phone 8
		{43939840-D345-4B3F-B88C-2E0DACF134E8}.Release|Windows Phone 8.Build.0 = Release|Windows Phone 8
		{43939840-D345-4B3F-B88C-2E0DACF134E8}.Release|Windows Phone 8.Deploy.0 = Release|Windows Phone 8
		{43939840-D345-4B3F-B88C-2E0DACF134E8}.Release|Windows-AnyCPU.ActiveCfg = Release|Windows-AnyCPU
		{43939840-D345-4B3F-B88C-2E0DACF134E8}.Release|Windows-AnyCPU.Build.0 = Release|Windows-AnyCPU
		{43939840-D345-4B3F-B88C-2E0DACF134E8}.Release|Windows-AnyCPU.Deploy.0 = Release|Windows-AnyCPU
		{43939840-D345-4B3F-B88C-2E0DACF134E8}.Release|Windows-ARM.ActiveCfg = Release|Windows-ARM
		{43939840-D345-4B3F-B88C-2E0DACF134E8}.Release|Windows-ARM.Build.0 = Release|Windows-ARM
		{43939840-D345-4B3F-B88C-2E0DACF134E8}.Release|Windows-ARM.Deploy.0 = Release|Windows-ARM
		{43939840-D345-4B3F-B88C-2E0DACF134E8}.Release|Windows-x64.ActiveCfg = Release|Windows-x64
		{43939840-D345-4B3F-B88C-2E0DACF134E8}.Release|Windows-x64.Build.0 = Release|Windows-x64
		{43939840-D345-4B3F-B88C-2E0DACF134E8}.Release|Windows-x64.Deploy.0 = Release|Windows-x64
		{43939840-D345-4B3F-B88C-2E0DACF134E8}.Release|Windows-x86.ActiveCfg = Release|Windows-x86
		{43939840-D345-4B3F-B88C-2E0DACF134E8}.Release|Windows-x86.Build.0 = Release|Windows-x86
		{43939840-D345-4B3F-B88C-2E0DACF134E8}.Release|Windows-x86.Deploy.0 = Release|Windows-x86
	EndGlobalSection
	GlobalSection(SolutionProperties) = preSolution
		HideSolutionNode = FALSE
	EndGlobalSection
EndGlobal
